// !$*UTF8*$!
{
	archiveVersion = 1;
	classes = {
	};
	objectVersion = 54;
	objects = {

/* Begin PBXBuildFile section */
		02948DEE29CFC76D00F82F28 /* AppDelegate.swift in Sources */ = {isa = PBXBuildFile; fileRef = 02948DED29CFC76D00F82F28 /* AppDelegate.swift */; };
		02948DF029CFC76D00F82F28 /* SceneDelegate.swift in Sources */ = {isa = PBXBuildFile; fileRef = 02948DEF29CFC76D00F82F28 /* SceneDelegate.swift */; };
		02948DF529CFC76D00F82F28 /* Main.storyboard in Resources */ = {isa = PBXBuildFile; fileRef = 02948DF329CFC76D00F82F28 /* Main.storyboard */; };
		02948DF729CFC76E00F82F28 /* Assets.xcassets in Resources */ = {isa = PBXBuildFile; fileRef = 02948DF629CFC76E00F82F28 /* Assets.xcassets */; };
		02948DFA29CFC76E00F82F28 /* LaunchScreen.storyboard in Resources */ = {isa = PBXBuildFile; fileRef = 02948DF829CFC76E00F82F28 /* LaunchScreen.storyboard */; };
		E30408A429D517C90026FFC8 /* PhotosViewController.swift in Sources */ = {isa = PBXBuildFile; fileRef = E30408A329D517C90026FFC8 /* PhotosViewController.swift */; };
		E30408AA29D519FA0026FFC8 /* PhotoCVC.swift in Sources */ = {isa = PBXBuildFile; fileRef = E30408A829D519FA0026FFC8 /* PhotoCVC.swift */; };
		E30408AB29D519FA0026FFC8 /* PhotoCVC.xib in Resources */ = {isa = PBXBuildFile; fileRef = E30408A929D519FA0026FFC8 /* PhotoCVC.xib */; };
		E31C15B329D7A528001F67B4 /* NetworkManager.swift in Sources */ = {isa = PBXBuildFile; fileRef = E31C15B229D7A528001F67B4 /* NetworkManager.swift */; };
		E31C15B629D7A7BE001F67B4 /* Constants.swift in Sources */ = {isa = PBXBuildFile; fileRef = E31C15B529D7A7BE001F67B4 /* Constants.swift */; };
		E31C15B929D7A935001F67B4 /* Photo.swift in Sources */ = {isa = PBXBuildFile; fileRef = E31C15B829D7A935001F67B4 /* Photo.swift */; };
		E31C15BC29D7AB44001F67B4 /* PhotosViewModel.swift in Sources */ = {isa = PBXBuildFile; fileRef = E31C15BB29D7AB44001F67B4 /* PhotosViewModel.swift */; };
		E31C15C929D7AFB9001F67B4 /* SDWebImage in Frameworks */ = {isa = PBXBuildFile; productRef = E31C15C829D7AFB9001F67B4 /* SDWebImage */; };
/* End PBXBuildFile section */

/* Begin PBXFileReference section */
		02948DEA29CFC76D00F82F28 /* Starter Project.app */ = {isa = PBXFileReference; explicitFileType = wrapper.application; includeInIndex = 0; path = "Starter Project.app"; sourceTree = BUILT_PRODUCTS_DIR; };
		02948DED29CFC76D00F82F28 /* AppDelegate.swift */ = {isa = PBXFileReference; lastKnownFileType = sourcecode.swift; path = AppDelegate.swift; sourceTree = "<group>"; };
		02948DEF29CFC76D00F82F28 /* SceneDelegate.swift */ = {isa = PBXFileReference; lastKnownFileType = sourcecode.swift; path = SceneDelegate.swift; sourceTree = "<group>"; };
		02948DF429CFC76D00F82F28 /* Base */ = {isa = PBXFileReference; lastKnownFileType = file.storyboard; name = Base; path = Base.lproj/Main.storyboard; sourceTree = "<group>"; };
		02948DF629CFC76E00F82F28 /* Assets.xcassets */ = {isa = PBXFileReference; lastKnownFileType = folder.assetcatalog; path = Assets.xcassets; sourceTree = "<group>"; };
		02948DF929CFC76E00F82F28 /* Base */ = {isa = PBXFileReference; lastKnownFileType = file.storyboard; name = Base; path = Base.lproj/LaunchScreen.storyboard; sourceTree = "<group>"; };
		02948DFB29CFC76E00F82F28 /* Info.plist */ = {isa = PBXFileReference; lastKnownFileType = text.plist.xml; path = Info.plist; sourceTree = "<group>"; };
		E30408A329D517C90026FFC8 /* PhotosViewController.swift */ = {isa = PBXFileReference; lastKnownFileType = sourcecode.swift; path = PhotosViewController.swift; sourceTree = "<group>"; };
		E30408A829D519FA0026FFC8 /* PhotoCVC.swift */ = {isa = PBXFileReference; lastKnownFileType = sourcecode.swift; path = PhotoCVC.swift; sourceTree = "<group>"; };
		E30408A929D519FA0026FFC8 /* PhotoCVC.xib */ = {isa = PBXFileReference; lastKnownFileType = file.xib; path = PhotoCVC.xib; sourceTree = "<group>"; };
		E31C15B229D7A528001F67B4 /* NetworkManager.swift */ = {isa = PBXFileReference; lastKnownFileType = sourcecode.swift; path = NetworkManager.swift; sourceTree = "<group>"; };
		E31C15B529D7A7BE001F67B4 /* Constants.swift */ = {isa = PBXFileReference; lastKnownFileType = sourcecode.swift; path = Constants.swift; sourceTree = "<group>"; };
		E31C15B829D7A935001F67B4 /* Photo.swift */ = {isa = PBXFileReference; lastKnownFileType = sourcecode.swift; path = Photo.swift; sourceTree = "<group>"; };
		E31C15BB29D7AB44001F67B4 /* PhotosViewModel.swift */ = {isa = PBXFileReference; lastKnownFileType = sourcecode.swift; path = PhotosViewModel.swift; sourceTree = "<group>"; };
/* End PBXFileReference section */

/* Begin PBXFrameworksBuildPhase section */
		02948DE729CFC76D00F82F28 /* Frameworks */ = {
			isa = PBXFrameworksBuildPhase;
			buildActionMask = 2147483647;
			files = (
				E31C15C929D7AFB9001F67B4 /* SDWebImage in Frameworks */,
			);
			runOnlyForDeploymentPostprocessing = 0;
		};
/* End PBXFrameworksBuildPhase section */

/* Begin PBXGroup section */
		02948DE129CFC76D00F82F28 = {
			isa = PBXGroup;
			children = (
				02948DEC29CFC76D00F82F28 /* Starter Project */,
				02948DEB29CFC76D00F82F28 /* Products */,
			);
			sourceTree = "<group>";
		};
		02948DEB29CFC76D00F82F28 /* Products */ = {
			isa = PBXGroup;
			children = (
				02948DEA29CFC76D00F82F28 /* Starter Project.app */,
			);
			name = Products;
			sourceTree = "<group>";
		};
		02948DEC29CFC76D00F82F28 /* Starter Project */ = {
			isa = PBXGroup;
			children = (
				E30408A729D519D40026FFC8 /* CustomViews */,
				E30408A129D517880026FFC8 /* modules */,
				02948DED29CFC76D00F82F28 /* AppDelegate.swift */,
				02948DEF29CFC76D00F82F28 /* SceneDelegate.swift */,
				02948DF329CFC76D00F82F28 /* Main.storyboard */,
				02948DF629CFC76E00F82F28 /* Assets.xcassets */,
				02948DF829CFC76E00F82F28 /* LaunchScreen.storyboard */,
				02948DFB29CFC76E00F82F28 /* Info.plist */,
				E30408A329D517C90026FFC8 /* PhotosViewController.swift */,
				E31C15B229D7A528001F67B4 /* NetworkManager.swift */,
				E31C15B529D7A7BE001F67B4 /* Constants.swift */,
				E31C15B829D7A935001F67B4 /* Photo.swift */,
				E31C15BB29D7AB44001F67B4 /* PhotosViewModel.swift */,
			);
			path = "Starter Project";
			sourceTree = "<group>";
		};
		E30408A129D517880026FFC8 /* modules */ = {
			isa = PBXGroup;
			children = (
			);
			path = modules;
			sourceTree = "<group>";
		};
		E30408A729D519D40026FFC8 /* CustomViews */ = {
			isa = PBXGroup;
			children = (
				E30408AD29D51A080026FFC8 /* PhotoCVC */,
			);
			path = CustomViews;
			sourceTree = "<group>";
		};
		E30408AD29D51A080026FFC8 /* PhotoCVC */ = {
			isa = PBXGroup;
			children = (
				E30408A829D519FA0026FFC8 /* PhotoCVC.swift */,
				E30408A929D519FA0026FFC8 /* PhotoCVC.xib */,
			);
			path = PhotoCVC;
			sourceTree = "<group>";
		};
/* End PBXGroup section */

/* Begin PBXNativeTarget section */
		02948DE929CFC76D00F82F28 /* Starter Project */ = {
			isa = PBXNativeTarget;
			buildConfigurationList = 02948DFE29CFC76E00F82F28 /* Build configuration list for PBXNativeTarget "Starter Project" */;
			buildPhases = (
				02948DE629CFC76D00F82F28 /* Sources */,
				02948DE729CFC76D00F82F28 /* Frameworks */,
				02948DE829CFC76D00F82F28 /* Resources */,
			);
			buildRules = (
			);
			dependencies = (
			);
			name = "Starter Project";
			packageProductDependencies = (
				E31C15C829D7AFB9001F67B4 /* SDWebImage */,
			);
			productName = "Starter Project";
			productReference = 02948DEA29CFC76D00F82F28 /* Starter Project.app */;
			productType = "com.apple.product-type.application";
		};
/* End PBXNativeTarget section */

/* Begin PBXProject section */
		02948DE229CFC76D00F82F28 /* Project object */ = {
			isa = PBXProject;
			attributes = {
				BuildIndependentTargetsInParallel = 1;
				LastSwiftUpdateCheck = 1420;
				LastUpgradeCheck = 1420;
				TargetAttributes = {
					02948DE929CFC76D00F82F28 = {
						CreatedOnToolsVersion = 14.2;
					};
				};
			};
			buildConfigurationList = 02948DE529CFC76D00F82F28 /* Build configuration list for PBXProject "Starter Project" */;
			compatibilityVersion = "Xcode 12.0";
			developmentRegion = en;
			hasScannedForEncodings = 0;
			knownRegions = (
				en,
				Base,
			);
			mainGroup = 02948DE129CFC76D00F82F28;
			packageReferences = (
				E31C15C729D7AFB9001F67B4 /* XCRemoteSwiftPackageReference "SDWebImage" */,
			);
			productRefGroup = 02948DEB29CFC76D00F82F28 /* Products */;
			projectDirPath = "";
			projectRoot = "";
			targets = (
				02948DE929CFC76D00F82F28 /* Starter Project */,
			);
		};
/* End PBXProject section */

/* Begin PBXResourcesBuildPhase section */
		02948DE829CFC76D00F82F28 /* Resources */ = {
			isa = PBXResourcesBuildPhase;
			buildActionMask = 2147483647;
			files = (
				02948DFA29CFC76E00F82F28 /* LaunchScreen.storyboard in Resources */,
				02948DF729CFC76E00F82F28 /* Assets.xcassets in Resources */,
				02948DF529CFC76D00F82F28 /* Main.storyboard in Resources */,
				E30408AB29D519FA0026FFC8 /* PhotoCVC.xib in Resources */,
			);
			runOnlyForDeploymentPostprocessing = 0;
		};
/* End PBXResourcesBuildPhase section */

/* Begin PBXSourcesBuildPhase section */
		02948DE629CFC76D00F82F28 /* Sources */ = {
			isa = PBXSourcesBuildPhase;
			buildActionMask = 2147483647;
			files = (
				E31C15B929D7A935001F67B4 /* Photo.swift in Sources */,
				E31C15BC29D7AB44001F67B4 /* PhotosViewModel.swift in Sources */,
				E30408A429D517C90026FFC8 /* PhotosViewController.swift in Sources */,
				02948DEE29CFC76D00F82F28 /* AppDelegate.swift in Sources */,
				E31C15B329D7A528001F67B4 /* NetworkManager.swift in Sources */,
				02948DF029CFC76D00F82F28 /* SceneDelegate.swift in Sources */,
				E30408AA29D519FA0026FFC8 /* PhotoCVC.swift in Sources */,
				E31C15B629D7A7BE001F67B4 /* Constants.swift in Sources */,
			);
			runOnlyForDeploymentPostprocessing = 0;
		};
/* End PBXSourcesBuildPhase section */

/* Begin PBXVariantGroup section */
		02948DF329CFC76D00F82F28 /* Main.storyboard */ = {
			isa = PBXVariantGroup;
			children = (
				02948DF429CFC76D00F82F28 /* Base */,
			);
			name = Main.storyboard;
			sourceTree = "<group>";
		};
		02948DF829CFC76E00F82F28 /* LaunchScreen.storyboard */ = {
			isa = PBXVariantGroup;
			children = (
				02948DF929CFC76E00F82F28 /* Base */,
			);
			name = LaunchScreen.storyboard;
			sourceTree = "<group>";
		};
/* End PBXVariantGroup section */

/* Begin XCBuildConfiguration section */
		02948DFC29CFC76E00F82F28 /* Debug */ = {
			isa = XCBuildConfiguration;
			buildSettings = {
				ALWAYS_SEARCH_USER_PATHS = NO;
				CLANG_ANALYZER_NONNULL = YES;
				CLANG_ANALYZER_NUMBER_OBJECT_CONVERSION = YES_AGGRESSIVE;
				CLANG_CXX_LANGUAGE_STANDARD = "gnu++20";
				CLANG_ENABLE_MODULES = YES;
				CLANG_ENABLE_OBJC_ARC = YES;
				CLANG_ENABLE_OBJC_WEAK = YES;
				CLANG_WARN_BLOCK_CAPTURE_AUTORELEASING = YES;
				CLANG_WARN_BOOL_CONVERSION = YES;
				CLANG_WARN_COMMA = YES;
				CLANG_WARN_CONSTANT_CONVERSION = YES;
				CLANG_WARN_DEPRECATED_OBJC_IMPLEMENTATIONS = YES;
				CLANG_WARN_DIRECT_OBJC_ISA_USAGE = YES_ERROR;
				CLANG_WARN_DOCUMENTATION_COMMENTS = YES;
				CLANG_WARN_EMPTY_BODY = YES;
				CLANG_WARN_ENUM_CONVERSION = YES;
				CLANG_WARN_INFINITE_RECURSION = YES;
				CLANG_WARN_INT_CONVERSION = YES;
				CLANG_WARN_NON_LITERAL_NULL_CONVERSION = YES;
				CLANG_WARN_OBJC_IMPLICIT_RETAIN_SELF = YES;
				CLANG_WARN_OBJC_LITERAL_CONVERSION = YES;
				CLANG_WARN_OBJC_ROOT_CLASS = YES_ERROR;
				CLANG_WARN_QUOTED_INCLUDE_IN_FRAMEWORK_HEADER = YES;
				CLANG_WARN_RANGE_LOOP_ANALYSIS = YES;
				CLANG_WARN_STRICT_PROTOTYPES = YES;
				CLANG_WARN_SUSPICIOUS_MOVE = YES;
				CLANG_WARN_UNGUARDED_AVAILABILITY = YES_AGGRESSIVE;
				CLANG_WARN_UNREACHABLE_CODE = YES;
				CLANG_WARN__DUPLICATE_METHOD_MATCH = YES;
				COPY_PHASE_STRIP = NO;
				DEBUG_INFORMATION_FORMAT = dwarf;
				ENABLE_STRICT_OBJC_MSGSEND = YES;
				ENABLE_TESTABILITY = YES;
				GCC_C_LANGUAGE_STANDARD = gnu11;
				GCC_DYNAMIC_NO_PIC = NO;
				GCC_NO_COMMON_BLOCKS = YES;
				GCC_OPTIMIZATION_LEVEL = 0;
				GCC_PREPROCESSOR_DEFINITIONS = (
					"DEBUG=1",
					"$(inherited)",
				);
				GCC_WARN_64_TO_32_BIT_CONVERSION = YES;
				GCC_WARN_ABOUT_RETURN_TYPE = YES_ERROR;
				GCC_WARN_UNDECLARED_SELECTOR = YES;
				GCC_WARN_UNINITIALIZED_AUTOS = YES_AGGRESSIVE;
				GCC_WARN_UNUSED_FUNCTION = YES;
				GCC_WARN_UNUSED_VARIABLE = YES;
				IPHONEOS_DEPLOYMENT_TARGET = 14.4;
				MTL_ENABLE_DEBUG_INFO = INCLUDE_SOURCE;
				MTL_FAST_MATH = YES;
				ONLY_ACTIVE_ARCH = YES;
				SDKROOT = iphoneos;
				SWIFT_ACTIVE_COMPILATION_CONDITIONS = DEBUG;
				SWIFT_OPTIMIZATION_LEVEL = "-Onone";
			};
			name = Debug;
		};
		02948DFD29CFC76E00F82F28 /* Release */ = {
			isa = XCBuildConfiguration;
			buildSettings = {
				ALWAYS_SEARCH_USER_PATHS = NO;
				CLANG_ANALYZER_NONNULL = YES;
				CLANG_ANALYZER_NUMBER_OBJECT_CONVERSION = YES_AGGRESSIVE;
				CLANG_CXX_LANGUAGE_STANDARD = "gnu++20";
				CLANG_ENABLE_MODULES = YES;
				CLANG_ENABLE_OBJC_ARC = YES;
				CLANG_ENABLE_OBJC_WEAK = YES;
				CLANG_WARN_BLOCK_CAPTURE_AUTORELEASING = YES;
				CLANG_WARN_BOOL_CONVERSION = YES;
				CLANG_WARN_COMMA = YES;
				CLANG_WARN_CONSTANT_CONVERSION = YES;
				CLANG_WARN_DEPRECATED_OBJC_IMPLEMENTATIONS = YES;
				CLANG_WARN_DIRECT_OBJC_ISA_USAGE = YES_ERROR;
				CLANG_WARN_DOCUMENTATION_COMMENTS = YES;
				CLANG_WARN_EMPTY_BODY = YES;
				CLANG_WARN_ENUM_CONVERSION = YES;
				CLANG_WARN_INFINITE_RECURSION = YES;
				CLANG_WARN_INT_CONVERSION = YES;
				CLANG_WARN_NON_LITERAL_NULL_CONVERSION = YES;
				CLANG_WARN_OBJC_IMPLICIT_RETAIN_SELF = YES;
				CLANG_WARN_OBJC_LITERAL_CONVERSION = YES;
				CLANG_WARN_OBJC_ROOT_CLASS = YES_ERROR;
				CLANG_WARN_QUOTED_INCLUDE_IN_FRAMEWORK_HEADER = YES;
				CLANG_WARN_RANGE_LOOP_ANALYSIS = YES;
				CLANG_WARN_STRICT_PROTOTYPES = YES;
				CLANG_WARN_SUSPICIOUS_MOVE = YES;
				CLANG_WARN_UNGUARDED_AVAILABILITY = YES_AGGRESSIVE;
				CLANG_WARN_UNREACHABLE_CODE = YES;
				CLANG_WARN__DUPLICATE_METHOD_MATCH = YES;
				COPY_PHASE_STRIP = NO;
				DEBUG_INFORMATION_FORMAT = "dwarf-with-dsym";
				ENABLE_NS_ASSERTIONS = NO;
				ENABLE_STRICT_OBJC_MSGSEND = YES;
				GCC_C_LANGUAGE_STANDARD = gnu11;
				GCC_NO_COMMON_BLOCKS = YES;
				GCC_WARN_64_TO_32_BIT_CONVERSION = YES;
				GCC_WARN_ABOUT_RETURN_TYPE = YES_ERROR;
				GCC_WARN_UNDECLARED_SELECTOR = YES;
				GCC_WARN_UNINITIALIZED_AUTOS = YES_AGGRESSIVE;
				GCC_WARN_UNUSED_FUNCTION = YES;
				GCC_WARN_UNUSED_VARIABLE = YES;
				IPHONEOS_DEPLOYMENT_TARGET = 14.4;
				MTL_ENABLE_DEBUG_INFO = NO;
				MTL_FAST_MATH = YES;
				SDKROOT = iphoneos;
				SWIFT_COMPILATION_MODE = wholemodule;
				SWIFT_OPTIMIZATION_LEVEL = "-O";
				VALIDATE_PRODUCT = YES;
			};
			name = Release;
		};
		02948DFF29CFC76E00F82F28 /* Debug */ = {
			isa = XCBuildConfiguration;
			buildSettings = {
				ASSETCATALOG_COMPILER_APPICON_NAME = AppIcon;
				ASSETCATALOG_COMPILER_GLOBAL_ACCENT_COLOR_NAME = AccentColor;
				CODE_SIGN_STYLE = Automatic;
				CURRENT_PROJECT_VERSION = 1;
				DEVELOPMENT_TEAM = C47M6LUM8V;
				GENERATE_INFOPLIST_FILE = YES;
				INFOPLIST_FILE = "Starter Project/Info.plist";
				INFOPLIST_KEY_UIApplicationSupportsIndirectInputEvents = YES;
				INFOPLIST_KEY_UILaunchStoryboardName = LaunchScreen;
				INFOPLIST_KEY_UIMainStoryboardFile = Main;
				INFOPLIST_KEY_UISupportedInterfaceOrientations_iPad = "UIInterfaceOrientationPortrait UIInterfaceOrientationPortraitUpsideDown UIInterfaceOrientationLandscapeLeft UIInterfaceOrientationLandscapeRight";
				INFOPLIST_KEY_UISupportedInterfaceOrientations_iPhone = "UIInterfaceOrientationPortrait UIInterfaceOrientationLandscapeLeft UIInterfaceOrientationLandscapeRight";
				LD_RUNPATH_SEARCH_PATHS = (
					"$(inherited)",
					"@executable_path/Frameworks",
				);
				MARKETING_VERSION = 1.0;
				PRODUCT_BUNDLE_IDENTIFIER = "com.motoon.Starter-Project-ios";
				PRODUCT_NAME = "$(TARGET_NAME)";
				SWIFT_EMIT_LOC_STRINGS = YES;
				SWIFT_VERSION = 5.0;
				TARGETED_DEVICE_FAMILY = "1,2";
			};
			name = Debug;
		};
		02948E0029CFC76E00F82F28 /* Release */ = {
			isa = XCBuildConfiguration;
			buildSettings = {
				ASSETCATALOG_COMPILER_APPICON_NAME = AppIcon;
				ASSETCATALOG_COMPILER_GLOBAL_ACCENT_COLOR_NAME = AccentColor;
				CODE_SIGN_STYLE = Automatic;
				CURRENT_PROJECT_VERSION = 1;
				DEVELOPMENT_TEAM = C47M6LUM8V;
				GENERATE_INFOPLIST_FILE = YES;
				INFOPLIST_FILE = "Starter Project/Info.plist";
				INFOPLIST_KEY_UIApplicationSupportsIndirectInputEvents = YES;
				INFOPLIST_KEY_UILaunchStoryboardName = LaunchScreen;
				INFOPLIST_KEY_UIMainStoryboardFile = Main;
				INFOPLIST_KEY_UISupportedInterfaceOrientations_iPad = "UIInterfaceOrientationPortrait UIInterfaceOrientationPortraitUpsideDown UIInterfaceOrientationLandscapeLeft UIInterfaceOrientationLandscapeRight";
				INFOPLIST_KEY_UISupportedInterfaceOrientations_iPhone = "UIInterfaceOrientationPortrait UIInterfaceOrientationLandscapeLeft UIInterfaceOrientationLandscapeRight";
				LD_RUNPATH_SEARCH_PATHS = (
					"$(inherited)",
					"@executable_path/Frameworks",
				);
				MARKETING_VERSION = 1.0;
				PRODUCT_BUNDLE_IDENTIFIER = "com.motoon.Starter-Project-ios";
				PRODUCT_NAME = "$(TARGET_NAME)";
				SWIFT_EMIT_LOC_STRINGS = YES;
				SWIFT_VERSION = 5.0;
				TARGETED_DEVICE_FAMILY = "1,2";
			};
			name = Release;
		};
/* End XCBuildConfiguration section */

/* Begin XCConfigurationList section */
		02948DE529CFC76D00F82F28 /* Build configuration list for PBXProject "Starter Project" */ = {
			isa = XCConfigurationList;
			buildConfigurations = (
				02948DFC29CFC76E00F82F28 /* Debug */,
				02948DFD29CFC76E00F82F28 /* Release */,
			);
			defaultConfigurationIsVisible = 0;
			defaultConfigurationName = Release;
		};
		02948DFE29CFC76E00F82F28 /* Build configuration list for PBXNativeTarget "Starter Project" */ = {
			isa = XCConfigurationList;
			buildConfigurations = (
				02948DFF29CFC76E00F82F28 /* Debug */,
				02948E0029CFC76E00F82F28 /* Release */,
			);
			defaultConfigurationIsVisible = 0;
			defaultConfigurationName = Release;
		};
/* End XCConfigurationList section */

/* Begin XCRemoteSwiftPackageReference section */
		E31C15C729D7AFB9001F67B4 /* XCRemoteSwiftPackageReference "SDWebImage" */ = {
			isa = XCRemoteSwiftPackageReference;
			repositoryURL = "https://github.com/SDWebImage/SDWebImage.git";
			requirement = {
				kind = exactVersion;
				version = 5.1.0;
			};
		};
/* End XCRemoteSwiftPackageReference section */

/* Begin XCSwiftPackageProductDependency section */
		E31C15C829D7AFB9001F67B4 /* SDWebImage */ = {
			isa = XCSwiftPackageProductDependency;
			package = E31C15C729D7AFB9001F67B4 /* XCRemoteSwiftPackageReference "SDWebImage" */;
			productName = SDWebImage;
		};
/* End XCSwiftPackageProductDependency section */
	};
	rootObject = 02948DE229CFC76D00F82F28 /* Project object */;
}
